
Microsoft Visual Studio Solution File, Format Version 12.00
# Visual Studio Version 16
VisualStudioVersion = 16.0.30128.74
MinimumVisualStudioVersion = 10.0.40219.1
Project("{FAE04EC0-301F-11D3-BF4B-00C04F79EFBC}") = "Hostipal", "Hostipal\Hostipal.csproj", "{2D2B2210-AC5F-4C19-993D-CBE3864DD8FD}"
EndProject
Project("{FAE04EC0-301F-11D3-BF4B-00C04F79EFBC}") = "CapaPresentacion", "CapaPresentacion\CapaPresentacion.csproj", "{D067F008-A39D-4209-BCCB-4EA4ADAF05E4}"
EndProject
Project("{FAE04EC0-301F-11D3-BF4B-00C04F79EFBC}") = "CapaReglasNegocio", "CapaReglasNegocio\CapaReglasNegocio.csproj", "{422D08D4-5CE2-4744-82E7-02D9C14A388F}"
EndProject
Project("{FAE04EC0-301F-11D3-BF4B-00C04F79EFBC}") = "CapaDatos", "CapaDatos\CapaDatos.csproj", "{09EBD4EB-8759-42DF-AEB2-D115320B3079}"
EndProject
Project("{FAE04EC0-301F-11D3-BF4B-00C04F79EFBC}") = "CapaEntidad", "CapaEntidad\CapaEntidad.csproj", "{FAB4D55A-7942-48F9-9D14-0DFCD182F1E3}"
EndProject
Global
	GlobalSection(SolutionConfigurationPlatforms) = preSolution
		Debug|Any CPU = Debug|Any CPU
		Release|Any CPU = Release|Any CPU
	EndGlobalSection
	GlobalSection(ProjectConfigurationPlatforms) = postSolution
		{2D2B2210-AC5F-4C19-993D-CBE3864DD8FD}.Debug|Any CPU.ActiveCfg = Debug|Any CPU
		{2D2B2210-AC5F-4C19-993D-CBE3864DD8FD}.Debug|Any CPU.Build.0 = Debug|Any CPU
		{2D2B2210-AC5F-4C19-993D-CBE3864DD8FD}.Release|Any CPU.ActiveCfg = Release|Any CPU
		{2D2B2210-AC5F-4C19-993D-CBE3864DD8FD}.Release|Any CPU.Build.0 = Release|Any CPU
		{D067F008-A39D-4209-BCCB-4EA4ADAF05E4}.Debug|Any CPU.ActiveCfg = Debug|Any CPU
		{D067F008-A39D-4209-BCCB-4EA4ADAF05E4}.Debug|Any CPU.Build.0 = Debug|Any CPU
		{D067F008-A39D-4209-BCCB-4EA4ADAF05E4}.Release|Any CPU.ActiveCfg = Release|Any CPU
		{D067F008-A39D-4209-BCCB-4EA4ADAF05E4}.Release|Any CPU.Build.0 = Release|Any CPU
		{422D08D4-5CE2-4744-82E7-02D9C14A388F}.Debug|Any CPU.ActiveCfg = Debug|Any CPU
		{422D08D4-5CE2-4744-82E7-02D9C14A388F}.Debug|Any CPU.Build.0 = Debug|Any CPU
		{422D08D4-5CE2-4744-82E7-02D9C14A388F}.Release|Any CPU.ActiveCfg = Release|Any CPU
		{422D08D4-5CE2-4744-82E7-02D9C14A388F}.Release|Any CPU.Build.0 = Release|Any CPU
		{09EBD4EB-8759-42DF-AEB2-D115320B3079}.Debug|Any CPU.ActiveCfg = Debug|Any CPU
		{09EBD4EB-8759-42DF-AEB2-D115320B3079}.Debug|Any CPU.Build.0 = Debug|Any CPU
		{09EBD4EB-8759-42DF-AEB2-D115320B3079}.Release|Any CPU.ActiveCfg = Release|Any CPU
		{09EBD4EB-8759-42DF-AEB2-D115320B3079}.Release|Any CPU.Build.0 = Release|Any CPU
		{FAB4D55A-7942-48F9-9D14-0DFCD182F1E3}.Debug|Any CPU.ActiveCfg = Debug|Any CPU
		{FAB4D55A-7942-48F9-9D14-0DFCD182F1E3}.Debug|Any CPU.Build.0 = Debug|Any CPU
		{FAB4D55A-7942-48F9-9D14-0DFCD182F1E3}.Release|Any CPU.ActiveCfg = Release|Any CPU
		{FAB4D55A-7942-48F9-9D14-0DFCD182F1E3}.Release|Any CPU.Build.0 = Release|Any CPU
	EndGlobalSection
	GlobalSection(SolutionProperties) = preSolution
		HideSolutionNode = FALSE
	EndGlobalSection
	GlobalSection(ExtensibilityGlobals) = postSolution
		SolutionGuid = {774C5359-FBE4-4D34-BE36-97C3CAF872A3}
	EndGlobalSection
EndGlobal
